
Microsoft Visual Studio Solution File, Format Version 12.00
# Visual Studio 15
VisualStudioVersion = 15.0.27428.2015
MinimumVisualStudioVersion = 10.0.40219.1
Project("{FAE04EC0-301F-11D3-BF4B-00C04F79EFBC}") = "EventOrganizerServer", "EventOrganizerServer\EventOrganizerServer.csproj", "{0D4CB6E6-20C8-462A-8EBF-6B492DA564AB}"
EndProject
Global
	GlobalSection(SolutionConfigurationPlatforms) = preSolution
		Debug|Any CPU = Debug|Any CPU
		Release|Any CPU = Release|Any CPU
	EndGlobalSection
	GlobalSection(ProjectConfigurationPlatforms) = postSolution
		{0D4CB6E6-20C8-462A-8EBF-6B492DA564AB}.Debug|Any CPU.ActiveCfg = Debug|Any CPU
		{0D4CB6E6-20C8-462A-8EBF-6B492DA564AB}.Debug|Any CPU.Build.0 = Debug|Any CPU
		{0D4CB6E6-20C8-462A-8EBF-6B492DA564AB}.Release|Any CPU.ActiveCfg = Release|Any CPU
		{0D4CB6E6-20C8-462A-8EBF-6B492DA564AB}.Release|Any CPU.Build.0 = Release|Any CPU
	EndGlobalSection
	GlobalSection(SolutionProperties) = preSolution
		HideSolutionNode = FALSE
	EndGlobalSection
	GlobalSection(ExtensibilityGlobals) = postSolution
		SolutionGuid = {EB685185-BBB8-40DD-AA3B-6A090BF6B19E}
	EndGlobalSection
EndGlobal
